
Microsoft Visual Studio Solution File, Format Version 12.00
# Visual Studio Version 16
VisualStudioVersion = 16.0.29613.14
MinimumVisualStudioVersion = 10.0.40219.1
Project("{FAE04EC0-301F-11D3-BF4B-00C04F79EFBC}") = "ThuVien", "ThuVien\ThuVien.csproj", "{241B94C6-7143-405F-9F06-A3F50EA0009F}"
EndProject
Global
	GlobalSection(SolutionConfigurationPlatforms) = preSolution
		Debug|Any CPU = Debug|Any CPU
		Release|Any CPU = Release|Any CPU
	EndGlobalSection
	GlobalSection(ProjectConfigurationPlatforms) = postSolution
		{241B94C6-7143-405F-9F06-A3F50EA0009F}.Debug|Any CPU.ActiveCfg = Debug|Any CPU
		{241B94C6-7143-405F-9F06-A3F50EA0009F}.Debug|Any CPU.Build.0 = Debug|Any CPU
		{241B94C6-7143-405F-9F06-A3F50EA0009F}.Release|Any CPU.ActiveCfg = Release|Any CPU
		{241B94C6-7143-405F-9F06-A3F50EA0009F}.Release|Any CPU.Build.0 = Release|Any CPU
	EndGlobalSection
	GlobalSection(SolutionProperties) = preSolution
		HideSolutionNode = FALSE
	EndGlobalSection
	GlobalSection(ExtensibilityGlobals) = postSolution
		SolutionGuid = {357D8D5B-4B03-41AB-82A1-689F88E92014}
	EndGlobalSection
EndGlobal
